
Microsoft Visual Studio Solution File, Format Version 12.00
# Visual Studio Version 17
VisualStudioVersion = 17.9.34622.214
MinimumVisualStudioVersion = 10.0.40219.1
Project("{FAE04EC0-301F-11D3-BF4B-00C04F79EFBC}") = "Gw2TacO Dummy", "Gw2TacO Dummy.csproj", "{B37F3DFE-A63E-4BC3-93B6-A5F4F3F1334C}"
EndProject
Global
	GlobalSection(SolutionConfigurationPlatforms) = preSolution
		Debug|Any CPU = Debug|Any CPU
		Release|Any CPU = Release|Any CPU
	EndGlobalSection
	GlobalSection(ProjectConfigurationPlatforms) = postSolution
		{B37F3DFE-A63E-4BC3-93B6-A5F4F3F1334C}.Debug|Any CPU.ActiveCfg = Debug|Any CPU
		{B37F3DFE-A63E-4BC3-93B6-A5F4F3F1334C}.Debug|Any CPU.Build.0 = Debug|Any CPU
		{B37F3DFE-A63E-4BC3-93B6-A5F4F3F1334C}.Release|Any CPU.ActiveCfg = Release|Any CPU
		{B37F3DFE-A63E-4BC3-93B6-A5F4F3F1334C}.Release|Any CPU.Build.0 = Release|Any CPU
	EndGlobalSection
	GlobalSection(SolutionProperties) = preSolution
		HideSolutionNode = FALSE
	EndGlobalSection
	GlobalSection(ExtensibilityGlobals) = postSolution
		SolutionGuid = {54FE9212-8895-48A9-BDAA-E0CB566FCAF5}
	EndGlobalSection
EndGlobal
